// !$*UTF8*$!
{
	archiveVersion = 1;
	classes = {
	};
	objectVersion = 50;
	objects = {

/* Begin PBXBuildFile section */
		F5E01018261A1287008FB03F /* main.cpp in Sources */ = {isa = PBXBuildFile; fileRef = F5E01017261A1287008FB03F /* main.cpp */; };
		F5E01021261A12AF008FB03F /* AVLtree.cpp in Sources */ = {isa = PBXBuildFile; fileRef = F5E0101F261A12AF008FB03F /* AVLtree.cpp */; };
		F5E01025261A12BB008FB03F /* common.cpp in Sources */ = {isa = PBXBuildFile; fileRef = F5E01023261A12BB008FB03F /* common.cpp */; };
		F5E01029261A1519008FB03F /* Node.cpp in Sources */ = {isa = PBXBuildFile; fileRef = F5E01027261A1519008FB03F /* Node.cpp */; };
		F5E0102D261A337C008FB03F /* Test.cpp in Sources */ = {isa = PBXBuildFile; fileRef = F5E0102B261A337C008FB03F /* Test.cpp */; };
/* End PBXBuildFile section */

/* Begin PBXCopyFilesBuildPhase section */
		F5E01012261A1287008FB03F /* CopyFiles */ = {
			isa = PBXCopyFilesBuildPhase;
			buildActionMask = 2147483647;
			dstPath = /usr/share/man/man1/;
			dstSubfolderSpec = 0;
			files = (
			);
			runOnlyForDeploymentPostprocessing = 1;
		};
/* End PBXCopyFilesBuildPhase section */

/* Begin PBXFileReference section */
		F5E01014261A1287008FB03F /* RedBlackTree */ = {isa = PBXFileReference; explicitFileType = "compiled.mach-o.executable"; includeInIndex = 0; path = RedBlackTree; sourceTree = BUILT_PRODUCTS_DIR; };
		F5E01017261A1287008FB03F /* main.cpp */ = {isa = PBXFileReference; lastKnownFileType = sourcecode.cpp.cpp; path = main.cpp; sourceTree = "<group>"; };
		F5E0101F261A12AF008FB03F /* AVLtree.cpp */ = {isa = PBXFileReference; lastKnownFileType = sourcecode.cpp.cpp; path = AVLtree.cpp; sourceTree = "<group>"; };
		F5E01020261A12AF008FB03F /* AVLtree.hpp */ = {isa = PBXFileReference; lastKnownFileType = sourcecode.cpp.h; path = AVLtree.hpp; sourceTree = "<group>"; };
		F5E01023261A12BB008FB03F /* common.cpp */ = {isa = PBXFileReference; lastKnownFileType = sourcecode.cpp.cpp; path = common.cpp; sourceTree = "<group>"; };
		F5E01024261A12BB008FB03F /* common.hpp */ = {isa = PBXFileReference; lastKnownFileType = sourcecode.cpp.h; path = common.hpp; sourceTree = "<group>"; };
		F5E01027261A1519008FB03F /* Node.cpp */ = {isa = PBXFileReference; lastKnownFileType = sourcecode.cpp.cpp; path = Node.cpp; sourceTree = "<group>"; };
		F5E01028261A1519008FB03F /* Node.hpp */ = {isa = PBXFileReference; lastKnownFileType = sourcecode.cpp.h; path = Node.hpp; sourceTree = "<group>"; };
		F5E0102B261A337C008FB03F /* Test.cpp */ = {isa = PBXFileReference; lastKnownFileType = sourcecode.cpp.cpp; path = Test.cpp; sourceTree = "<group>"; };
		F5E0102C261A337C008FB03F /* Test.hpp */ = {isa = PBXFileReference; lastKnownFileType = sourcecode.cpp.h; path = Test.hpp; sourceTree = "<group>"; };
/* End PBXFileReference section */

/* Begin PBXFrameworksBuildPhase section */
		F5E01011261A1287008FB03F /* Frameworks */ = {
			isa = PBXFrameworksBuildPhase;
			buildActionMask = 2147483647;
			files = (
			);
			runOnlyForDeploymentPostprocessing = 0;
		};
/* End PBXFrameworksBuildPhase section */

/* Begin PBXGroup section */
		F5E0100B261A1287008FB03F = {
			isa = PBXGroup;
			children = (
				F5E01016261A1287008FB03F /* AVLTree */,
				F5E01015261A1287008FB03F /* Products */,
			);
			sourceTree = "<group>";
		};
		F5E01015261A1287008FB03F /* Products */ = {
			isa = PBXGroup;
			children = (
				F5E01014261A1287008FB03F /* RedBlackTree */,
			);
			name = Products;
			sourceTree = "<group>";
		};
		F5E01016261A1287008FB03F /* AVLTree */ = {
			isa = PBXGroup;
			children = (
				F5E01017261A1287008FB03F /* main.cpp */,
				F5E0101F261A12AF008FB03F /* AVLtree.cpp */,
				F5E01023261A12BB008FB03F /* common.cpp */,
				F5E01024261A12BB008FB03F /* common.hpp */,
				F5E01020261A12AF008FB03F /* AVLtree.hpp */,
				F5E0102B261A337C008FB03F /* Test.cpp */,
				F5E0102C261A337C008FB03F /* Test.hpp */,
				F5E01027261A1519008FB03F /* Node.cpp */,
				F5E01028261A1519008FB03F /* Node.hpp */,
			);
			path = AVLTree;
			sourceTree = "<group>";
		};
/* End PBXGroup section */

/* Begin PBXNativeTarget section */
		F5E01013261A1287008FB03F /* RedBlackTree */ = {
			isa = PBXNativeTarget;
			buildConfigurationList = F5E0101B261A1287008FB03F /* Build configuration list for PBXNativeTarget "RedBlackTree" */;
			buildPhases = (
				F5E01010261A1287008FB03F /* Sources */,
				F5E01011261A1287008FB03F /* Frameworks */,
				F5E01012261A1287008FB03F /* CopyFiles */,
			);
			buildRules = (
			);
			dependencies = (
			);
			name = RedBlackTree;
			productName = RedBlackTree;
			productReference = F5E01014261A1287008FB03F /* RedBlackTree */;
			productType = "com.apple.product-type.tool";
		};
/* End PBXNativeTarget section */

/* Begin PBXProject section */
		F5E0100C261A1287008FB03F /* Project object */ = {
			isa = PBXProject;
			attributes = {
				LastUpgradeCheck = 1240;
				TargetAttributes = {
					F5E01013261A1287008FB03F = {
						CreatedOnToolsVersion = 12.4;
					};
				};
			};
			buildConfigurationList = F5E0100F261A1287008FB03F /* Build configuration list for PBXProject "AVLTree" */;
			compatibilityVersion = "Xcode 9.3";
			developmentRegion = en;
			hasScannedForEncodings = 0;
			knownRegions = (
				en,
				Base,
			);
			mainGroup = F5E0100B261A1287008FB03F;
			productRefGroup = F5E01015261A1287008FB03F /* Products */;
			projectDirPath = "";
			projectRoot = "";
			targets = (
				F5E01013261A1287008FB03F /* RedBlackTree */,
			);
		};
/* End PBXProject section */

/* Begin PBXSourcesBuildPhase section */
		F5E01010261A1287008FB03F /* Sources */ = {
			isa = PBXSourcesBuildPhase;
			buildActionMask = 2147483647;
			files = (
				F5E01018261A1287008FB03F /* main.cpp in Sources */,
				F5E01025261A12BB008FB03F /* common.cpp in Sources */,
				F5E01021261A12AF008FB03F /* AVLtree.cpp in Sources */,
				F5E01029261A1519008FB03F /* Node.cpp in Sources */,
				F5E0102D261A337C008FB03F /* Test.cpp in Sources */,
			);
			runOnlyForDeploymentPostprocessing = 0;
		};
/* End PBXSourcesBuildPhase section */

/* Begin XCBuildConfiguration section */
		F5E01019261A1287008FB03F /* Debug */ = {
			isa = XCBuildConfiguration;
			buildSettings = {
				ALWAYS_SEARCH_USER_PATHS = NO;
				CLANG_ANALYZER_NONNULL = YES;
				CLANG_ANALYZER_NUMBER_OBJECT_CONVERSION = YES_AGGRESSIVE;
				CLANG_CXX_LANGUAGE_STANDARD = "gnu++14";
				CLANG_CXX_LIBRARY = "libc++";
				CLANG_ENABLE_MODULES = YES;
				CLANG_ENABLE_OBJC_ARC = YES;
				CLANG_ENABLE_OBJC_WEAK = YES;
				CLANG_WARN_BLOCK_CAPTURE_AUTORELEASING = YES;
				CLANG_WARN_BOOL_CONVERSION = YES;
				CLANG_WARN_COMMA = YES;
				CLANG_WARN_CONSTANT_CONVERSION = YES;
				CLANG_WARN_DEPRECATED_OBJC_IMPLEMENTATIONS = YES;
				CLANG_WARN_DIRECT_OBJC_ISA_USAGE = YES_ERROR;
				CLANG_WARN_DOCUMENTATION_COMMENTS = YES;
				CLANG_WARN_EMPTY_BODY = YES;
				CLANG_WARN_ENUM_CONVERSION = YES;
				CLANG_WARN_INFINITE_RECURSION = YES;
				CLANG_WARN_INT_CONVERSION = YES;
				CLANG_WARN_NON_LITERAL_NULL_CONVERSION = YES;
				CLANG_WARN_OBJC_IMPLICIT_RETAIN_SELF = YES;
				CLANG_WARN_OBJC_LITERAL_CONVERSION = YES;
				CLANG_WARN_OBJC_ROOT_CLASS = YES_ERROR;
				CLANG_WARN_QUOTED_INCLUDE_IN_FRAMEWORK_HEADER = YES;
				CLANG_WARN_RANGE_LOOP_ANALYSIS = YES;
				CLANG_WARN_STRICT_PROTOTYPES = YES;
				CLANG_WARN_SUSPICIOUS_MOVE = YES;
				CLANG_WARN_UNGUARDED_AVAILABILITY = YES_AGGRESSIVE;
				CLANG_WARN_UNREACHABLE_CODE = YES;
				CLANG_WARN__DUPLICATE_METHOD_MATCH = YES;
				COPY_PHASE_STRIP = NO;
				DEBUG_INFORMATION_FORMAT = dwarf;
				ENABLE_STRICT_OBJC_MSGSEND = YES;
				ENABLE_TESTABILITY = YES;
				GCC_C_LANGUAGE_STANDARD = gnu11;
				GCC_DYNAMIC_NO_PIC = NO;
				GCC_NO_COMMON_BLOCKS = YES;
				GCC_OPTIMIZATION_LEVEL = 0;
				GCC_PREPROCESSOR_DEFINITIONS = (
					"DEBUG=1",
					"$(inherited)",
				);
				GCC_WARN_64_TO_32_BIT_CONVERSION = YES;
				GCC_WARN_ABOUT_RETURN_TYPE = YES_ERROR;
				GCC_WARN_UNDECLARED_SELECTOR = YES;
				GCC_WARN_UNINITIALIZED_AUTOS = YES_AGGRESSIVE;
				GCC_WARN_UNUSED_FUNCTION = YES;
				GCC_WARN_UNUSED_VARIABLE = YES;
				MACOSX_DEPLOYMENT_TARGET = 11.1;
				MTL_ENABLE_DEBUG_INFO = INCLUDE_SOURCE;
				MTL_FAST_MATH = YES;
				ONLY_ACTIVE_ARCH = YES;
				SDKROOT = macosx;
			};
			name = Debug;
		};
		F5E0101A261A1287008FB03F /* Release */ = {
			isa = XCBuildConfiguration;
			buildSettings = {
				ALWAYS_SEARCH_USER_PATHS = NO;
				CLANG_ANALYZER_NONNULL = YES;
				CLANG_ANALYZER_NUMBER_OBJECT_CONVERSION = YES_AGGRESSIVE;
				CLANG_CXX_LANGUAGE_STANDARD = "gnu++14";
				CLANG_CXX_LIBRARY = "libc++";
				CLANG_ENABLE_MODULES = YES;
				CLANG_ENABLE_OBJC_ARC = YES;
				CLANG_ENABLE_OBJC_WEAK = YES;
				CLANG_WARN_BLOCK_CAPTURE_AUTORELEASING = YES;
				CLANG_WARN_BOOL_CONVERSION = YES;
				CLANG_WARN_COMMA = YES;
				CLANG_WARN_CONSTANT_CONVERSION = YES;
				CLANG_WARN_DEPRECATED_OBJC_IMPLEMENTATIONS = YES;
				CLANG_WARN_DIRECT_OBJC_ISA_USAGE = YES_ERROR;
				CLANG_WARN_DOCUMENTATION_COMMENTS = YES;
				CLANG_WARN_EMPTY_BODY = YES;
				CLANG_WARN_ENUM_CONVERSION = YES;
				CLANG_WARN_INFINITE_RECURSION = YES;
				CLANG_WARN_INT_CONVERSION = YES;
				CLANG_WARN_NON_LITERAL_NULL_CONVERSION = YES;
				CLANG_WARN_OBJC_IMPLICIT_RETAIN_SELF = YES;
				CLANG_WARN_OBJC_LITERAL_CONVERSION = YES;
				CLANG_WARN_OBJC_ROOT_CLASS = YES_ERROR;
				CLANG_WARN_QUOTED_INCLUDE_IN_FRAMEWORK_HEADER = YES;
				CLANG_WARN_RANGE_LOOP_ANALYSIS = YES;
				CLANG_WARN_STRICT_PROTOTYPES = YES;
				CLANG_WARN_SUSPICIOUS_MOVE = YES;
				CLANG_WARN_UNGUARDED_AVAILABILITY = YES_AGGRESSIVE;
				CLANG_WARN_UNREACHABLE_CODE = YES;
				CLANG_WARN__DUPLICATE_METHOD_MATCH = YES;
				COPY_PHASE_STRIP = NO;
				DEBUG_INFORMATION_FORMAT = "dwarf-with-dsym";
				ENABLE_NS_ASSERTIONS = NO;
				ENABLE_STRICT_OBJC_MSGSEND = YES;
				GCC_C_LANGUAGE_STANDARD = gnu11;
				GCC_NO_COMMON_BLOCKS = YES;
				GCC_WARN_64_TO_32_BIT_CONVERSION = YES;
				GCC_WARN_ABOUT_RETURN_TYPE = YES_ERROR;
				GCC_WARN_UNDECLARED_SELECTOR = YES;
				GCC_WARN_UNINITIALIZED_AUTOS = YES_AGGRESSIVE;
				GCC_WARN_UNUSED_FUNCTION = YES;
				GCC_WARN_UNUSED_VARIABLE = YES;
				MACOSX_DEPLOYMENT_TARGET = 11.1;
				MTL_ENABLE_DEBUG_INFO = NO;
				MTL_FAST_MATH = YES;
				SDKROOT = macosx;
			};
			name = Release;
		};
		F5E0101C261A1287008FB03F /* Debug */ = {
			isa = XCBuildConfiguration;
			buildSettings = {
				CODE_SIGN_STYLE = Automatic;
				PRODUCT_NAME = "$(TARGET_NAME)";
			};
			name = Debug;
		};
		F5E0101D261A1287008FB03F /* Release */ = {
			isa = XCBuildConfiguration;
			buildSettings = {
				CODE_SIGN_STYLE = Automatic;
				PRODUCT_NAME = "$(TARGET_NAME)";
			};
			name = Release;
		};
/* End XCBuildConfiguration section */

/* Begin XCConfigurationList section */
		F5E0100F261A1287008FB03F /* Build configuration list for PBXProject "AVLTree" */ = {
			isa = XCConfigurationList;
			buildConfigurations = (
				F5E01019261A1287008FB03F /* Debug */,
				F5E0101A261A1287008FB03F /* Release */,
			);
			defaultConfigurationIsVisible = 0;
			defaultConfigurationName = Release;
		};
		F5E0101B261A1287008FB03F /* Build configuration list for PBXNativeTarget "RedBlackTree" */ = {
			isa = XCConfigurationList;
			buildConfigurations = (
				F5E0101C261A1287008FB03F /* Debug */,
				F5E0101D261A1287008FB03F /* Release */,
			);
			defaultConfigurationIsVisible = 0;
			defaultConfigurationName = Release;
		};
/* End XCConfigurationList section */
	};
	rootObject = F5E0100C261A1287008FB03F /* Project object */;
}
